// !$*UTF8*$!
{
	archiveVersion = 1;
	classes = {
	};
	objectVersion = 46;
	objects = {

/* Begin PBXBuildFile section */
		095F068E1E04DE9F008989A7 /* AppDelegate.swift in Sources */ = {isa = PBXBuildFile; fileRef = 095F068D1E04DE9F008989A7 /* AppDelegate.swift */; };
		095F06901E04DE9F008989A7 /* ViewController.swift in Sources */ = {isa = PBXBuildFile; fileRef = 095F068F1E04DE9F008989A7 /* ViewController.swift */; };
		095F06931E04DE9F008989A7 /* Main.storyboard in Resources */ = {isa = PBXBuildFile; fileRef = 095F06911E04DE9F008989A7 /* Main.storyboard */; };
		095F06951E04DE9F008989A7 /* Assets.xcassets in Resources */ = {isa = PBXBuildFile; fileRef = 095F06941E04DE9F008989A7 /* Assets.xcassets */; };
		095F06981E04DE9F008989A7 /* LaunchScreen.storyboard in Resources */ = {isa = PBXBuildFile; fileRef = 095F06961E04DE9F008989A7 /* LaunchScreen.storyboard */; };
		095F06A31E04DE9F008989A7 /* firebasesocialTests.swift in Sources */ = {isa = PBXBuildFile; fileRef = 095F06A21E04DE9F008989A7 /* firebasesocialTests.swift */; };
		095F06AE1E04DE9F008989A7 /* firebasesocialUITests.swift in Sources */ = {isa = PBXBuildFile; fileRef = 095F06AD1E04DE9F008989A7 /* firebasesocialUITests.swift */; };
		096D2D691E07230600C9AEB0 /* ListTable.swift in Sources */ = {isa = PBXBuildFile; fileRef = 096D2D681E07230600C9AEB0 /* ListTable.swift */; };
		096D2D6B1E07328A00C9AEB0 /* ItemPostViewController.swift in Sources */ = {isa = PBXBuildFile; fileRef = 096D2D6A1E07328A00C9AEB0 /* ItemPostViewController.swift */; };
		42340DA2876A36C917ABFD87 /* Pods_firebasesocial.framework in Frameworks */ = {isa = PBXBuildFile; fileRef = AE7C9E28E3ACF5CDE960E253 /* Pods_firebasesocial.framework */; };
/* End PBXBuildFile section */

/* Begin PBXContainerItemProxy section */
		095F069F1E04DE9F008989A7 /* PBXContainerItemProxy */ = {
			isa = PBXContainerItemProxy;
			containerPortal = 095F06821E04DE9F008989A7 /* Project object */;
			proxyType = 1;
			remoteGlobalIDString = 095F06891E04DE9F008989A7;
			remoteInfo = firebasesocial;
		};
		095F06AA1E04DE9F008989A7 /* PBXContainerItemProxy */ = {
			isa = PBXContainerItemProxy;
			containerPortal = 095F06821E04DE9F008989A7 /* Project object */;
			proxyType = 1;
			remoteGlobalIDString = 095F06891E04DE9F008989A7;
			remoteInfo = firebasesocial;
		};
/* End PBXContainerItemProxy section */

/* Begin PBXFileReference section */
		095F068A1E04DE9F008989A7 /* firebasesocial.app */ = {isa = PBXFileReference; explicitFileType = wrapper.application; includeInIndex = 0; path = firebasesocial.app; sourceTree = BUILT_PRODUCTS_DIR; };
		095F068D1E04DE9F008989A7 /* AppDelegate.swift */ = {isa = PBXFileReference; lastKnownFileType = sourcecode.swift; path = AppDelegate.swift; sourceTree = "<group>"; };
		095F068F1E04DE9F008989A7 /* ViewController.swift */ = {isa = PBXFileReference; lastKnownFileType = sourcecode.swift; path = ViewController.swift; sourceTree = "<group>"; };
		095F06921E04DE9F008989A7 /* Base */ = {isa = PBXFileReference; lastKnownFileType = file.storyboard; name = Base; path = Base.lproj/Main.storyboard; sourceTree = "<group>"; };
		095F06941E04DE9F008989A7 /* Assets.xcassets */ = {isa = PBXFileReference; lastKnownFileType = folder.assetcatalog; path = Assets.xcassets; sourceTree = "<group>"; };
		095F06971E04DE9F008989A7 /* Base */ = {isa = PBXFileReference; lastKnownFileType = file.storyboard; name = Base; path = Base.lproj/LaunchScreen.storyboard; sourceTree = "<group>"; };
		095F06991E04DE9F008989A7 /* Info.plist */ = {isa = PBXFileReference; lastKnownFileType = text.plist.xml; path = Info.plist; sourceTree = "<group>"; };
		095F069E1E04DE9F008989A7 /* firebasesocialTests.xctest */ = {isa = PBXFileReference; explicitFileType = wrapper.cfbundle; includeInIndex = 0; path = firebasesocialTests.xctest; sourceTree = BUILT_PRODUCTS_DIR; };
		095F06A21E04DE9F008989A7 /* firebasesocialTests.swift */ = {isa = PBXFileReference; lastKnownFileType = sourcecode.swift; path = firebasesocialTests.swift; sourceTree = "<group>"; };
		095F06A41E04DE9F008989A7 /* Info.plist */ = {isa = PBXFileReference; lastKnownFileType = text.plist.xml; path = Info.plist; sourceTree = "<group>"; };
		095F06A91E04DE9F008989A7 /* firebasesocialUITests.xctest */ = {isa = PBXFileReference; explicitFileType = wrapper.cfbundle; includeInIndex = 0; path = firebasesocialUITests.xctest; sourceTree = BUILT_PRODUCTS_DIR; };
		095F06AD1E04DE9F008989A7 /* firebasesocialUITests.swift */ = {isa = PBXFileReference; lastKnownFileType = sourcecode.swift; path = firebasesocialUITests.swift; sourceTree = "<group>"; };
		095F06AF1E04DE9F008989A7 /* Info.plist */ = {isa = PBXFileReference; lastKnownFileType = text.plist.xml; path = Info.plist; sourceTree = "<group>"; };
		095F06BB1E056A39008989A7 /* firebasesocial.entitlements */ = {isa = PBXFileReference; lastKnownFileType = text.plist.entitlements; path = firebasesocial.entitlements; sourceTree = "<group>"; };
		096D2D681E07230600C9AEB0 /* ListTable.swift */ = {isa = PBXFileReference; fileEncoding = 4; lastKnownFileType = sourcecode.swift; path = ListTable.swift; sourceTree = "<group>"; };
		096D2D6A1E07328A00C9AEB0 /* ItemPostViewController.swift */ = {isa = PBXFileReference; fileEncoding = 4; lastKnownFileType = sourcecode.swift; path = ItemPostViewController.swift; sourceTree = "<group>"; };
		6D7D645C793A5D6A70C5A446 /* Pods-firebasesocial.release.xcconfig */ = {isa = PBXFileReference; includeInIndex = 1; lastKnownFileType = text.xcconfig; name = "Pods-firebasesocial.release.xcconfig"; path = "Pods/Target Support Files/Pods-firebasesocial/Pods-firebasesocial.release.xcconfig"; sourceTree = "<group>"; };
		7142597E2D46E49EB094B925 /* Pods-firebasesocial.debug.xcconfig */ = {isa = PBXFileReference; includeInIndex = 1; lastKnownFileType = text.xcconfig; name = "Pods-firebasesocial.debug.xcconfig"; path = "Pods/Target Support Files/Pods-firebasesocial/Pods-firebasesocial.debug.xcconfig"; sourceTree = "<group>"; };
		AE7C9E28E3ACF5CDE960E253 /* Pods_firebasesocial.framework */ = {isa = PBXFileReference; explicitFileType = wrapper.framework; includeInIndex = 0; path = Pods_firebasesocial.framework; sourceTree = BUILT_PRODUCTS_DIR; };
/* End PBXFileReference section */

/* Begin PBXFrameworksBuildPhase section */
		095F06871E04DE9F008989A7 /* Frameworks */ = {
			isa = PBXFrameworksBuildPhase;
			buildActionMask = 2147483647;
			files = (
				42340DA2876A36C917ABFD87 /* Pods_firebasesocial.framework in Frameworks */,
			);
			runOnlyForDeploymentPostprocessing = 0;
		};
		095F069B1E04DE9F008989A7 /* Frameworks */ = {
			isa = PBXFrameworksBuildPhase;
			buildActionMask = 2147483647;
			files = (
			);
			runOnlyForDeploymentPostprocessing = 0;
		};
		095F06A61E04DE9F008989A7 /* Frameworks */ = {
			isa = PBXFrameworksBuildPhase;
			buildActionMask = 2147483647;
			files = (
			);
			runOnlyForDeploymentPostprocessing = 0;
		};
/* End PBXFrameworksBuildPhase section */

/* Begin PBXGroup section */
		095F06811E04DE9F008989A7 = {
			isa = PBXGroup;
			children = (
				095F068C1E04DE9F008989A7 /* firebasesocial */,
				095F06A11E04DE9F008989A7 /* firebasesocialTests */,
				095F06AC1E04DE9F008989A7 /* firebasesocialUITests */,
				095F068B1E04DE9F008989A7 /* Products */,
				44A7C972F8F6DF3EBBA44D3B /* Pods */,
				BE09FCBE7C726F3934422641 /* Frameworks */,
			);
			sourceTree = "<group>";
		};
		095F068B1E04DE9F008989A7 /* Products */ = {
			isa = PBXGroup;
			children = (
				095F068A1E04DE9F008989A7 /* firebasesocial.app */,
				095F069E1E04DE9F008989A7 /* firebasesocialTests.xctest */,
				095F06A91E04DE9F008989A7 /* firebasesocialUITests.xctest */,
			);
			name = Products;
			sourceTree = "<group>";
		};
		095F068C1E04DE9F008989A7 /* firebasesocial */ = {
			isa = PBXGroup;
			children = (
				095F06BB1E056A39008989A7 /* firebasesocial.entitlements */,
				095F068D1E04DE9F008989A7 /* AppDelegate.swift */,
				095F068F1E04DE9F008989A7 /* ViewController.swift */,
				095F06911E04DE9F008989A7 /* Main.storyboard */,
				096D2D6A1E07328A00C9AEB0 /* ItemPostViewController.swift */,
				095F06941E04DE9F008989A7 /* Assets.xcassets */,
				095F06961E04DE9F008989A7 /* LaunchScreen.storyboard */,
				095F06991E04DE9F008989A7 /* Info.plist */,
				096D2D681E07230600C9AEB0 /* ListTable.swift */,
			);
			path = firebasesocial;
			sourceTree = "<group>";
		};
		095F06A11E04DE9F008989A7 /* firebasesocialTests */ = {
			isa = PBXGroup;
			children = (
				095F06A21E04DE9F008989A7 /* firebasesocialTests.swift */,
				095F06A41E04DE9F008989A7 /* Info.plist */,
			);
			path = firebasesocialTests;
			sourceTree = "<group>";
		};
		095F06AC1E04DE9F008989A7 /* firebasesocialUITests */ = {
			isa = PBXGroup;
			children = (
				095F06AD1E04DE9F008989A7 /* firebasesocialUITests.swift */,
				095F06AF1E04DE9F008989A7 /* Info.plist */,
			);
			path = firebasesocialUITests;
			sourceTree = "<group>";
		};
		44A7C972F8F6DF3EBBA44D3B /* Pods */ = {
			isa = PBXGroup;
			children = (
				7142597E2D46E49EB094B925 /* Pods-firebasesocial.debug.xcconfig */,
				6D7D645C793A5D6A70C5A446 /* Pods-firebasesocial.release.xcconfig */,
			);
			name = Pods;
			sourceTree = "<group>";
		};
		BE09FCBE7C726F3934422641 /* Frameworks */ = {
			isa = PBXGroup;
			children = (
				AE7C9E28E3ACF5CDE960E253 /* Pods_firebasesocial.framework */,
			);
			name = Frameworks;
			sourceTree = "<group>";
		};
/* End PBXGroup section */

/* Begin PBXNativeTarget section */
		095F06891E04DE9F008989A7 /* firebasesocial */ = {
			isa = PBXNativeTarget;
			buildConfigurationList = 095F06B21E04DE9F008989A7 /* Build configuration list for PBXNativeTarget "firebasesocial" */;
			buildPhases = (
				0DC16C313A133FA2544E2D4A /* [CP] Check Pods Manifest.lock */,
				095F06861E04DE9F008989A7 /* Sources */,
				095F06871E04DE9F008989A7 /* Frameworks */,
				095F06881E04DE9F008989A7 /* Resources */,
				9EC232843B98000C70ED06CE /* [CP] Embed Pods Frameworks */,
				5209E4B83DE46B2BB534F4E5 /* [CP] Copy Pods Resources */,
			);
			buildRules = (
			);
			dependencies = (
			);
			name = firebasesocial;
			productName = firebasesocial;
			productReference = 095F068A1E04DE9F008989A7 /* firebasesocial.app */;
			productType = "com.apple.product-type.application";
		};
		095F069D1E04DE9F008989A7 /* firebasesocialTests */ = {
			isa = PBXNativeTarget;
			buildConfigurationList = 095F06B51E04DE9F008989A7 /* Build configuration list for PBXNativeTarget "firebasesocialTests" */;
			buildPhases = (
				095F069A1E04DE9F008989A7 /* Sources */,
				095F069B1E04DE9F008989A7 /* Frameworks */,
				095F069C1E04DE9F008989A7 /* Resources */,
			);
			buildRules = (
			);
			dependencies = (
				095F06A01E04DE9F008989A7 /* PBXTargetDependency */,
			);
			name = firebasesocialTests;
			productName = firebasesocialTests;
			productReference = 095F069E1E04DE9F008989A7 /* firebasesocialTests.xctest */;
			productType = "com.apple.product-type.bundle.unit-test";
		};
		095F06A81E04DE9F008989A7 /* firebasesocialUITests */ = {
			isa = PBXNativeTarget;
			buildConfigurationList = 095F06B81E04DE9F008989A7 /* Build configuration list for PBXNativeTarget "firebasesocialUITests" */;
			buildPhases = (
				095F06A51E04DE9F008989A7 /* Sources */,
				095F06A61E04DE9F008989A7 /* Frameworks */,
				095F06A71E04DE9F008989A7 /* Resources */,
			);
			buildRules = (
			);
			dependencies = (
				095F06AB1E04DE9F008989A7 /* PBXTargetDependency */,
			);
			name = firebasesocialUITests;
			productName = firebasesocialUITests;
			productReference = 095F06A91E04DE9F008989A7 /* firebasesocialUITests.xctest */;
			productType = "com.apple.product-type.bundle.ui-testing";
		};
/* End PBXNativeTarget section */

/* Begin PBXProject section */
		095F06821E04DE9F008989A7 /* Project object */ = {
			isa = PBXProject;
			attributes = {
				LastSwiftUpdateCheck = 0820;
				LastUpgradeCheck = 0820;
				ORGANIZATIONNAME = Apprentice;
				TargetAttributes = {
					095F06891E04DE9F008989A7 = {
						CreatedOnToolsVersion = 8.2;
						DevelopmentTeam = CQWJ8RL9Y5;
						ProvisioningStyle = Automatic;
						SystemCapabilities = {
							com.apple.Keychain = {
								enabled = 0;
							};
						};
					};
					095F069D1E04DE9F008989A7 = {
						CreatedOnToolsVersion = 8.2;
						ProvisioningStyle = Automatic;
						TestTargetID = 095F06891E04DE9F008989A7;
					};
					095F06A81E04DE9F008989A7 = {
						CreatedOnToolsVersion = 8.2;
						ProvisioningStyle = Automatic;
						TestTargetID = 095F06891E04DE9F008989A7;
					};
				};
			};
			buildConfigurationList = 095F06851E04DE9F008989A7 /* Build configuration list for PBXProject "firebasesocial" */;
			compatibilityVersion = "Xcode 3.2";
			developmentRegion = English;
			hasScannedForEncodings = 0;
			knownRegions = (
				en,
				Base,
			);
			mainGroup = 095F06811E04DE9F008989A7;
			productRefGroup = 095F068B1E04DE9F008989A7 /* Products */;
			projectDirPath = "";
			projectRoot = "";
			targets = (
				095F06891E04DE9F008989A7 /* firebasesocial */,
				095F069D1E04DE9F008989A7 /* firebasesocialTests */,
				095F06A81E04DE9F008989A7 /* firebasesocialUITests */,
			);
		};
/* End PBXProject section */

/* Begin PBXResourcesBuildPhase section */
		095F06881E04DE9F008989A7 /* Resources */ = {
			isa = PBXResourcesBuildPhase;
			buildActionMask = 2147483647;
			files = (
				095F06981E04DE9F008989A7 /* LaunchScreen.storyboard in Resources */,
				095F06951E04DE9F008989A7 /* Assets.xcassets in Resources */,
				095F06931E04DE9F008989A7 /* Main.storyboard in Resources */,
			);
			runOnlyForDeploymentPostprocessing = 0;
		};
		095F069C1E04DE9F008989A7 /* Resources */ = {
			isa = PBXResourcesBuildPhase;
			buildActionMask = 2147483647;
			files = (
			);
			runOnlyForDeploymentPostprocessing = 0;
		};
		095F06A71E04DE9F008989A7 /* Resources */ = {
			isa = PBXResourcesBuildPhase;
			buildActionMask = 2147483647;
			files = (
			);
			runOnlyForDeploymentPostprocessing = 0;
		};
/* End PBXResourcesBuildPhase section */

/* Begin PBXShellScriptBuildPhase section */
		0DC16C313A133FA2544E2D4A /* [CP] Check Pods Manifest.lock */ = {
			isa = PBXShellScriptBuildPhase;
			buildActionMask = 2147483647;
			files = (
			);
			inputPaths = (
			);
			name = "[CP] Check Pods Manifest.lock";
			outputPaths = (
			);
			runOnlyForDeploymentPostprocessing = 0;
			shellPath = /bin/sh;
			shellScript = "diff \"${PODS_ROOT}/../Podfile.lock\" \"${PODS_ROOT}/Manifest.lock\" > /dev/null\nif [ $? != 0 ] ; then\n    # print error to STDERR\n    echo \"error: The sandbox is not in sync with the Podfile.lock. Run 'pod install' or update your CocoaPods installation.\" >&2\n    exit 1\nfi\n";
			showEnvVarsInLog = 0;
		};
		5209E4B83DE46B2BB534F4E5 /* [CP] Copy Pods Resources */ = {
			isa = PBXShellScriptBuildPhase;
			buildActionMask = 2147483647;
			files = (
			);
			inputPaths = (
			);
			name = "[CP] Copy Pods Resources";
			outputPaths = (
			);
			runOnlyForDeploymentPostprocessing = 0;
			shellPath = /bin/sh;
			shellScript = "\"${SRCROOT}/Pods/Target Support Files/Pods-firebasesocial/Pods-firebasesocial-resources.sh\"\n";
			showEnvVarsInLog = 0;
		};
		9EC232843B98000C70ED06CE /* [CP] Embed Pods Frameworks */ = {
			isa = PBXShellScriptBuildPhase;
			buildActionMask = 2147483647;
			files = (
			);
			inputPaths = (
			);
			name = "[CP] Embed Pods Frameworks";
			outputPaths = (
			);
			runOnlyForDeploymentPostprocessing = 0;
			shellPath = /bin/sh;
			shellScript = "\"${SRCROOT}/Pods/Target Support Files/Pods-firebasesocial/Pods-firebasesocial-frameworks.sh\"\n";
			showEnvVarsInLog = 0;
		};
/* End PBXShellScriptBuildPhase section */

/* Begin PBXSourcesBuildPhase section */
		095F06861E04DE9F008989A7 /* Sources */ = {
			isa = PBXSourcesBuildPhase;
			buildActionMask = 2147483647;
			files = (
				096D2D691E07230600C9AEB0 /* ListTable.swift in Sources */,
				095F06901E04DE9F008989A7 /* ViewController.swift in Sources */,
				095F068E1E04DE9F008989A7 /* AppDelegate.swift in Sources */,
				096D2D6B1E07328A00C9AEB0 /* ItemPostViewController.swift in Sources */,
			);
			runOnlyForDeploymentPostprocessing = 0;
		};
		095F069A1E04DE9F008989A7 /* Sources */ = {
			isa = PBXSourcesBuildPhase;
			buildActionMask = 2147483647;
			files = (
				095F06A31E04DE9F008989A7 /* firebasesocialTests.swift in Sources */,
			);
			runOnlyForDeploymentPostprocessing = 0;
		};
		095F06A51E04DE9F008989A7 /* Sources */ = {
			isa = PBXSourcesBuildPhase;
			buildActionMask = 2147483647;
			files = (
				095F06AE1E04DE9F008989A7 /* firebasesocialUITests.swift in Sources */,
			);
			runOnlyForDeploymentPostprocessing = 0;
		};
/* End PBXSourcesBuildPhase section */

/* Begin PBXTargetDependency section */
		095F06A01E04DE9F008989A7 /* PBXTargetDependency */ = {
			isa = PBXTargetDependency;
			target = 095F06891E04DE9F008989A7 /* firebasesocial */;
			targetProxy = 095F069F1E04DE9F008989A7 /* PBXContainerItemProxy */;
		};
		095F06AB1E04DE9F008989A7 /* PBXTargetDependency */ = {
			isa = PBXTargetDependency;
			target = 095F06891E04DE9F008989A7 /* firebasesocial */;
			targetProxy = 095F06AA1E04DE9F008989A7 /* PBXContainerItemProxy */;
		};
/* End PBXTargetDependency section */

/* Begin PBXVariantGroup section */
		095F06911E04DE9F008989A7 /* Main.storyboard */ = {
			isa = PBXVariantGroup;
			children = (
				095F06921E04DE9F008989A7 /* Base */,
			);
			name = Main.storyboard;
			sourceTree = "<group>";
		};
		095F06961E04DE9F008989A7 /* LaunchScreen.storyboard */ = {
			isa = PBXVariantGroup;
			children = (
				095F06971E04DE9F008989A7 /* Base */,
			);
			name = LaunchScreen.storyboard;
			sourceTree = "<group>";
		};
/* End PBXVariantGroup section */

/* Begin XCBuildConfiguration section */
		095F06B01E04DE9F008989A7 /* Debug */ = {
			isa = XCBuildConfiguration;
			buildSettings = {
				ALWAYS_SEARCH_USER_PATHS = NO;
				CLANG_ANALYZER_NONNULL = YES;
				CLANG_CXX_LANGUAGE_STANDARD = "gnu++0x";
				CLANG_CXX_LIBRARY = "libc++";
				CLANG_ENABLE_MODULES = YES;
				CLANG_ENABLE_OBJC_ARC = YES;
				CLANG_WARN_BOOL_CONVERSION = YES;
				CLANG_WARN_CONSTANT_CONVERSION = YES;
				CLANG_WARN_DIRECT_OBJC_ISA_USAGE = YES_ERROR;
				CLANG_WARN_DOCUMENTATION_COMMENTS = YES;
				CLANG_WARN_EMPTY_BODY = YES;
				CLANG_WARN_ENUM_CONVERSION = YES;
				CLANG_WARN_INFINITE_RECURSION = YES;
				CLANG_WARN_INT_CONVERSION = YES;
				CLANG_WARN_OBJC_ROOT_CLASS = YES_ERROR;
				CLANG_WARN_SUSPICIOUS_MOVE = YES;
				CLANG_WARN_UNREACHABLE_CODE = YES;
				CLANG_WARN__DUPLICATE_METHOD_MATCH = YES;
				"CODE_SIGN_IDENTITY[sdk=iphoneos*]" = "iPhone Developer";
				COPY_PHASE_STRIP = NO;
				DEBUG_INFORMATION_FORMAT = dwarf;
				ENABLE_STRICT_OBJC_MSGSEND = YES;
				ENABLE_TESTABILITY = YES;
				GCC_C_LANGUAGE_STANDARD = gnu99;
				GCC_DYNAMIC_NO_PIC = NO;
				GCC_NO_COMMON_BLOCKS = YES;
				GCC_OPTIMIZATION_LEVEL = 0;
				GCC_PREPROCESSOR_DEFINITIONS = (
					"DEBUG=1",
					"$(inherited)",
				);
				GCC_WARN_64_TO_32_BIT_CONVERSION = YES;
				GCC_WARN_ABOUT_RETURN_TYPE = YES_ERROR;
				GCC_WARN_UNDECLARED_SELECTOR = YES;
				GCC_WARN_UNINITIALIZED_AUTOS = YES_AGGRESSIVE;
				GCC_WARN_UNUSED_FUNCTION = YES;
				GCC_WARN_UNUSED_VARIABLE = YES;
				IPHONEOS_DEPLOYMENT_TARGET = 10.2;
				MTL_ENABLE_DEBUG_INFO = YES;
				ONLY_ACTIVE_ARCH = YES;
				SDKROOT = iphoneos;
				SWIFT_ACTIVE_COMPILATION_CONDITIONS = DEBUG;
				SWIFT_OPTIMIZATION_LEVEL = "-Onone";
				TARGETED_DEVICE_FAMILY = "1,2";
			};
			name = Debug;
		};
		095F06B11E04DE9F008989A7 /* Release */ = {
			isa = XCBuildConfiguration;
			buildSettings = {
				ALWAYS_SEARCH_USER_PATHS = NO;
				CLANG_ANALYZER_NONNULL = YES;
				CLANG_CXX_LANGUAGE_STANDARD = "gnu++0x";
				CLANG_CXX_LIBRARY = "libc++";
				CLANG_ENABLE_MODULES = YES;
				CLANG_ENABLE_OBJC_ARC = YES;
				CLANG_WARN_BOOL_CONVERSION = YES;
				CLANG_WARN_CONSTANT_CONVERSION = YES;
				CLANG_WARN_DIRECT_OBJC_ISA_USAGE = YES_ERROR;
				CLANG_WARN_DOCUMENTATION_COMMENTS = YES;
				CLANG_WARN_EMPTY_BODY = YES;
				CLANG_WARN_ENUM_CONVERSION = YES;
				CLANG_WARN_INFINITE_RECURSION = YES;
				CLANG_WARN_INT_CONVERSION = YES;
				CLANG_WARN_OBJC_ROOT_CLASS = YES_ERROR;
				CLANG_WARN_SUSPICIOUS_MOVE = YES;
				CLANG_WARN_UNREACHABLE_CODE = YES;
				CLANG_WARN__DUPLICATE_METHOD_MATCH = YES;
				"CODE_SIGN_IDENTITY[sdk=iphoneos*]" = "iPhone Developer";
				COPY_PHASE_STRIP = NO;
				DEBUG_INFORMATION_FORMAT = "dwarf-with-dsym";
				ENABLE_NS_ASSERTIONS = NO;
				ENABLE_STRICT_OBJC_MSGSEND = YES;
				GCC_C_LANGUAGE_STANDARD = gnu99;
				GCC_NO_COMMON_BLOCKS = YES;
				GCC_WARN_64_TO_32_BIT_CONVERSION = YES;
				GCC_WARN_ABOUT_RETURN_TYPE = YES_ERROR;
				GCC_WARN_UNDECLARED_SELECTOR = YES;
				GCC_WARN_UNINITIALIZED_AUTOS = YES_AGGRESSIVE;
				GCC_WARN_UNUSED_FUNCTION = YES;
				GCC_WARN_UNUSED_VARIABLE = YES;
				IPHONEOS_DEPLOYMENT_TARGET = 10.2;
				MTL_ENABLE_DEBUG_INFO = NO;
				SDKROOT = iphoneos;
				SWIFT_OPTIMIZATION_LEVEL = "-Owholemodule";
				TARGETED_DEVICE_FAMILY = "1,2";
				VALIDATE_PRODUCT = YES;
			};
			name = Release;
		};
		095F06B31E04DE9F008989A7 /* Debug */ = {
			isa = XCBuildConfiguration;
			baseConfigurationReference = 7142597E2D46E49EB094B925 /* Pods-firebasesocial.debug.xcconfig */;
			buildSettings = {
				ASSETCATALOG_COMPILER_APPICON_NAME = AppIcon;
				"CODE_SIGN_IDENTITY[sdk=iphoneos*]" = "iPhone Developer";
				DEVELOPMENT_TEAM = CQWJ8RL9Y5;
				INFOPLIST_FILE = firebasesocial/Info.plist;
				LD_RUNPATH_SEARCH_PATHS = "$(inherited) @executable_path/Frameworks";
				PRODUCT_BUNDLE_IDENTIFIER = andrewvanbeek.firebasesocial;
				PRODUCT_NAME = "$(TARGET_NAME)";
				SWIFT_VERSION = 3.0;
			};
			name = Debug;
		};
		095F06B41E04DE9F008989A7 /* Release */ = {
			isa = XCBuildConfiguration;
			baseConfigurationReference = 6D7D645C793A5D6A70C5A446 /* Pods-firebasesocial.release.xcconfig */;
			buildSettings = {
				ASSETCATALOG_COMPILER_APPICON_NAME = AppIcon;
				"CODE_SIGN_IDENTITY[sdk=iphoneos*]" = "iPhone Developer";
				DEVELOPMENT_TEAM = CQWJ8RL9Y5;
				INFOPLIST_FILE = firebasesocial/Info.plist;
				LD_RUNPATH_SEARCH_PATHS = "$(inherited) @executable_path/Frameworks";
				PRODUCT_BUNDLE_IDENTIFIER = andrewvanbeek.firebasesocial;
				PRODUCT_NAME = "$(TARGET_NAME)";
				SWIFT_VERSION = 3.0;
			};
			name = Release;
		};
		095F06B61E04DE9F008989A7 /* Debug */ = {
			isa = XCBuildConfiguration;
			buildSettings = {
				ALWAYS_EMBED_SWIFT_STANDARD_LIBRARIES = YES;
				BUNDLE_LOADER = "$(TEST_HOST)";
				INFOPLIST_FILE = firebasesocialTests/Info.plist;
				LD_RUNPATH_SEARCH_PATHS = "$(inherited) @executable_path/Frameworks @loader_path/Frameworks";
				PRODUCT_BUNDLE_IDENTIFIER = avb.firebasesocialTests;
				PRODUCT_NAME = "$(TARGET_NAME)";
				SWIFT_VERSION = 3.0;
				TEST_HOST = "$(BUILT_PRODUCTS_DIR)/firebasesocial.app/firebasesocial";
			};
			name = Debug;
		};
		095F06B71E04DE9F008989A7 /* Release */ = {
			isa = XCBuildConfiguration;
			buildSettings = {
				ALWAYS_EMBED_SWIFT_STANDARD_LIBRARIES = YES;
				BUNDLE_LOADER = "$(TEST_HOST)";
				INFOPLIST_FILE = firebasesocialTests/Info.plist;
				LD_RUNPATH_SEARCH_PATHS = "$(inherited) @executable_path/Frameworks @loader_path/Frameworks";
				PRODUCT_BUNDLE_IDENTIFIER = avb.firebasesocialTests;
				PRODUCT_NAME = "$(TARGET_NAME)";
				SWIFT_VERSION = 3.0;
				TEST_HOST = "$(BUILT_PRODUCTS_DIR)/firebasesocial.app/firebasesocial";
			};
			name = Release;
		};
		095F06B91E04DE9F008989A7 /* Debug */ = {
			isa = XCBuildConfiguration;
			buildSettings = {
				ALWAYS_EMBED_SWIFT_STANDARD_LIBRARIES = YES;
				INFOPLIST_FILE = firebasesocialUITests/Info.plist;
				LD_RUNPATH_SEARCH_PATHS = "$(inherited) @executable_path/Frameworks @loader_path/Frameworks";
				PRODUCT_BUNDLE_IDENTIFIER = avb.firebasesocialUITests;
				PRODUCT_NAME = "$(TARGET_NAME)";
				SWIFT_VERSION = 3.0;
				TEST_TARGET_NAME = firebasesocial;
			};
			name = Debug;
		};
		095F06BA1E04DE9F008989A7 /* Release */ = {
			isa = XCBuildConfiguration;
			buildSettings = {
				ALWAYS_EMBED_SWIFT_STANDARD_LIBRARIES = YES;
				INFOPLIST_FILE = firebasesocialUITests/Info.plist;
				LD_RUNPATH_SEARCH_PATHS = "$(inherited) @executable_path/Frameworks @loader_path/Frameworks";
				PRODUCT_BUNDLE_IDENTIFIER = avb.firebasesocialUITests;
				PRODUCT_NAME = "$(TARGET_NAME)";
				SWIFT_VERSION = 3.0;
				TEST_TARGET_NAME = firebasesocial;
			};
			name = Release;
		};
/* End XCBuildConfiguration section */

/* Begin XCConfigurationList section */
		095F06851E04DE9F008989A7 /* Build configuration list for PBXProject "firebasesocial" */ = {
			isa = XCConfigurationList;
			buildConfigurations = (
				095F06B01E04DE9F008989A7 /* Debug */,
				095F06B11E04DE9F008989A7 /* Release */,
			);
			defaultConfigurationIsVisible = 0;
			defaultConfigurationName = Release;
		};
		095F06B21E04DE9F008989A7 /* Build configuration list for PBXNativeTarget "firebasesocial" */ = {
			isa = XCConfigurationList;
			buildConfigurations = (
				095F06B31E04DE9F008989A7 /* Debug */,
				095F06B41E04DE9F008989A7 /* Release */,
			);
			defaultConfigurationIsVisible = 0;
			defaultConfigurationName = Release;
		};
		095F06B51E04DE9F008989A7 /* Build configuration list for PBXNativeTarget "firebasesocialTests" */ = {
			isa = XCConfigurationList;
			buildConfigurations = (
				095F06B61E04DE9F008989A7 /* Debug */,
				095F06B71E04DE9F008989A7 /* Release */,
			);
			defaultConfigurationIsVisible = 0;
			defaultConfigurationName = Release;
		};
		095F06B81E04DE9F008989A7 /* Build configuration list for PBXNativeTarget "firebasesocialUITests" */ = {
			isa = XCConfigurationList;
			buildConfigurations = (
				095F06B91E04DE9F008989A7 /* Debug */,
				095F06BA1E04DE9F008989A7 /* Release */,
			);
			defaultConfigurationIsVisible = 0;
			defaultConfigurationName = Release;
		};
/* End XCConfigurationList section */
	};
	rootObject = 095F06821E04DE9F008989A7 /* Project object */;
}
